
Microsoft Visual Studio Solution File, Format Version 12.00
# Visual Studio Version 16
VisualStudioVersion = 16.0.29709.97
MinimumVisualStudioVersion = 10.0.40219.1
Project("{FAE04EC0-301F-11D3-BF4B-00C04F79EFBC}") = "OdeToFood", "OdeToFood\OdeToFood.csproj", "{7CCFDC5B-78E5-4667-AA88-AFF5DE836384}"
EndProject
Global
	GlobalSection(SolutionConfigurationPlatforms) = preSolution
		Debug|Any CPU = Debug|Any CPU
		Release|Any CPU = Release|Any CPU
	EndGlobalSection
	GlobalSection(ProjectConfigurationPlatforms) = postSolution
		{7CCFDC5B-78E5-4667-AA88-AFF5DE836384}.Debug|Any CPU.ActiveCfg = Debug|Any CPU
		{7CCFDC5B-78E5-4667-AA88-AFF5DE836384}.Debug|Any CPU.Build.0 = Debug|Any CPU
		{7CCFDC5B-78E5-4667-AA88-AFF5DE836384}.Release|Any CPU.ActiveCfg = Release|Any CPU
		{7CCFDC5B-78E5-4667-AA88-AFF5DE836384}.Release|Any CPU.Build.0 = Release|Any CPU
	EndGlobalSection
	GlobalSection(SolutionProperties) = preSolution
		HideSolutionNode = FALSE
	EndGlobalSection
	GlobalSection(ExtensibilityGlobals) = postSolution
		SolutionGuid = {6C93129D-7566-42CB-BBA8-4FFA8C1AD348}
	EndGlobalSection
EndGlobal
